# @generated - this file is auto-generated by `mise lock` https://mise.en.dev/dev-tools/mise-lock.html

[[tools.aube]]
version = "1.5.1"
backend = "github:endevco/aube"

[tools.aube."platforms.linux-arm64"]
checksum = "sha256:b0cd988d2aba504ace90290e8d6d53bd3f414889e310b99fb53f724df6409606"
url = "https://github.com/endevco/aube/releases/download/v1.5.1/aube-v1.5.1-aarch64-unknown-linux-gnu.tar.gz"
url_api = "https://api.github.com/repos/endevco/aube/releases/assets/408581204"
provenance = "github-attestations"

[tools.aube."platforms.linux-arm64-musl"]
checksum = "sha256:4d989b33c6f4ba04f33af12c65316dbb3c91c5757fdb4e2c9291d008c30eb2c7"
url = "https://github.com/endevco/aube/releases/download/v1.5.1/aube-v1.5.1-aarch64-unknown-linux-musl.tar.gz"
url_api = "https://api.github.com/repos/endevco/aube/releases/assets/408580997"
provenance = "github-attestations"

[tools.aube."platforms.linux-x64"]
checksum = "sha256:f36cfff61d671c89572c36f88ce97e85a6bc2f9352360e8c126c44db58b0c9d4"
url = "https://github.com/endevco/aube/releases/download/v1.5.1/aube-v1.5.1-x86_64-unknown-linux-gnu.tar.gz"
url_api = "https://api.github.com/repos/endevco/aube/releases/assets/408580571"
provenance = "github-attestations"

[tools.aube."platforms.linux-x64-musl"]
checksum = "sha256:0180cf78efcbceae71f094147c5d5e8d27587b9f0af685b4cf630414cb8005c8"
url = "https://github.com/endevco/aube/releases/download/v1.5.1/aube-v1.5.1-x86_64-unknown-linux-musl.tar.gz"
url_api = "https://api.github.com/repos/endevco/aube/releases/assets/408579889"
provenance = "github-attestations"

[tools.aube."platforms.macos-arm64"]
checksum = "sha256:5c85530c7194a8d3abbd7fdcbc8e6aff177a1eac6b609e9d8cd68fc24576b677"
url = "https://github.com/endevco/aube/releases/download/v1.5.1/aube-v1.5.1-aarch64-apple-darwin.tar.gz"
url_api = "https://api.github.com/repos/endevco/aube/releases/assets/408582611"
provenance = "github-attestations"

[tools.aube."platforms.windows-x64"]
checksum = "sha256:5034386d24520e340380f6ee97e1ce13e9545e4fbbfca19a420e5e6580ac9e88"
url = "https://github.com/endevco/aube/releases/download/v1.5.1/aube-v1.5.1-x86_64-pc-windows-msvc.zip"
url_api = "https://api.github.com/repos/endevco/aube/releases/assets/408585848"
provenance = "github-attestations"

[[tools.communique]]
version = "1.1.2"
backend = "github:jdx/communique"

[tools.communique."platforms.linux-arm64"]
checksum = "sha256:7bb0843207fc3d7b5df2a5c0198bb10539cf13a6b247b4adfbf6b302a68f03de"
url = "https://github.com/jdx/communique/releases/download/v1.1.2/communique-aarch64-unknown-linux-gnu.tar.gz"
url_api = "https://api.github.com/repos/jdx/communique/releases/assets/405964161"

[tools.communique."platforms.linux-arm64-musl"]
checksum = "sha256:b663407be77a370c209df40307b82e436f56a6bc23d4e423510d62ac6e1fedf4"
url = "https://github.com/jdx/communique/releases/download/v1.1.2/communique-aarch64-unknown-linux-musl.tar.gz"
url_api = "https://api.github.com/repos/jdx/communique/releases/assets/405964743"

[tools.communique."platforms.linux-x64"]
checksum = "sha256:5e74ead7037f42940c7dba4f6aa4ed968920cbb55a047aa0d291b0c675c65676"
url = "https://github.com/jdx/communique/releases/download/v1.1.2/communique-x86_64-unknown-linux-gnu.tar.gz"
url_api = "https://api.github.com/repos/jdx/communique/releases/assets/405963914"
provenance = "github-attestations"

[tools.communique."platforms.linux-x64-musl"]
checksum = "sha256:01a6a8b49e635a5a209fdaf6c7b2e976374debc2db1c846c033f567fdba0d86c"
url = "https://github.com/jdx/communique/releases/download/v1.1.2/communique-x86_64-unknown-linux-musl.tar.gz"
url_api = "https://api.github.com/repos/jdx/communique/releases/assets/405964691"

[tools.communique."platforms.macos-arm64"]
checksum = "sha256:459993e31a6c4ccbd09882f5679a2bc1ea5d9068701ecefc411a00fb69ce82e6"
url = "https://github.com/jdx/communique/releases/download/v1.1.2/communique-aarch64-apple-darwin.tar.gz"
url_api = "https://api.github.com/repos/jdx/communique/releases/assets/405964098"

[tools.communique."platforms.windows-x64"]
checksum = "sha256:3cc0e880ac2168aed3163223627bbd1eee62e07a9901cb85cb507c6c8927bc93"
url = "https://github.com/jdx/communique/releases/download/v1.1.2/communique-x86_64-pc-windows-msvc.zip"
url_api = "https://api.github.com/repos/jdx/communique/releases/assets/405964430"

[[tools.gh]]
version = "2.92.0"
backend = "aqua:cli/cli"

[tools.gh."platforms.linux-arm64"]
checksum = "sha256:c2248526dd0160c08d3fccca2332c3c1a07c15a78b23978e77735f1b5a18cfee"
url = "https://github.com/cli/cli/releases/download/v2.92.0/gh_2.92.0_linux_arm64.tar.gz"
provenance = "github-attestations"

[tools.gh."platforms.linux-arm64-musl"]
checksum = "sha256:c2248526dd0160c08d3fccca2332c3c1a07c15a78b23978e77735f1b5a18cfee"
url = "https://github.com/cli/cli/releases/download/v2.92.0/gh_2.92.0_linux_arm64.tar.gz"
provenance = "github-attestations"

[tools.gh."platforms.linux-x64"]
checksum = "sha256:b57848131bdf0c229cd35e1f2a51aa718199858b2e728410b37e89a428943ec4"
url = "https://github.com/cli/cli/releases/download/v2.92.0/gh_2.92.0_linux_amd64.tar.gz"
provenance = "github-attestations"

[tools.gh."platforms.linux-x64-musl"]
checksum = "sha256:b57848131bdf0c229cd35e1f2a51aa718199858b2e728410b37e89a428943ec4"
url = "https://github.com/cli/cli/releases/download/v2.92.0/gh_2.92.0_linux_amd64.tar.gz"
provenance = "github-attestations"

[tools.gh."platforms.macos-arm64"]
checksum = "sha256:b11c54f6bd7d15ed6590475079e5b2fcf36f45d3991a80041b29c9d0cc1f1d07"
url = "https://github.com/cli/cli/releases/download/v2.92.0/gh_2.92.0_macOS_arm64.zip"
provenance = "github-attestations"

[tools.gh."platforms.windows-x64"]
checksum = "sha256:b6a8df3c8c6b9c80f290906387673bc4d272840f3789c5650e0e4e6e75522785"
url = "https://github.com/cli/cli/releases/download/v2.92.0/gh_2.92.0_windows_amd64.zip"
provenance = "github-attestations"

[[tools.git-cliff]]
version = "2.13.1"
backend = "aqua:orhun/git-cliff"

[tools.git-cliff."platforms.linux-arm64"]
checksum = "sha256:4054c124b926c117f3fa048939bc8be0a954f29f3b6f367627e8cb22c1971882"
url = "https://github.com/orhun/git-cliff/releases/download/v2.13.1/git-cliff-2.13.1-aarch64-unknown-linux-musl.tar.gz"

[tools.git-cliff."platforms.linux-arm64-musl"]
checksum = "sha256:4054c124b926c117f3fa048939bc8be0a954f29f3b6f367627e8cb22c1971882"
url = "https://github.com/orhun/git-cliff/releases/download/v2.13.1/git-cliff-2.13.1-aarch64-unknown-linux-musl.tar.gz"

[tools.git-cliff."platforms.linux-x64"]
checksum = "sha256:200d2535da6d9703f3bcc8a4d159c3b55eacdb01cf2148c55b3eee9dd04d5249"
url = "https://github.com/orhun/git-cliff/releases/download/v2.13.1/git-cliff-2.13.1-x86_64-unknown-linux-musl.tar.gz"

[tools.git-cliff."platforms.linux-x64-musl"]
checksum = "sha256:200d2535da6d9703f3bcc8a4d159c3b55eacdb01cf2148c55b3eee9dd04d5249"
url = "https://github.com/orhun/git-cliff/releases/download/v2.13.1/git-cliff-2.13.1-x86_64-unknown-linux-musl.tar.gz"

[tools.git-cliff."platforms.macos-arm64"]
checksum = "sha256:21547ae4a0421164070ab75c2522864ea5565858a011fabc5f583061b20f1226"
url = "https://github.com/orhun/git-cliff/releases/download/v2.13.1/git-cliff-2.13.1-aarch64-apple-darwin.tar.gz"

[tools.git-cliff."platforms.windows-x64"]
checksum = "sha256:3ae3a5549e85c7ad5b20192ebcfee4371269deca51255f6f2f2e051c6541f5ca"
url = "https://github.com/orhun/git-cliff/releases/download/v2.13.1/git-cliff-2.13.1-x86_64-pc-windows-msvc.zip"

[[tools.node]]
version = "24.15.0"
backend = "core:node"

[tools.node."platforms.linux-arm64"]
checksum = "sha256:73afc234d558c24919875f51c2d1ea002a2ada4ea6f83601a383869fefa64eed"
url = "https://nodejs.org/dist/v24.15.0/node-v24.15.0-linux-arm64.tar.gz"

[tools.node."platforms.linux-arm64-musl"]
checksum = "sha256:31e98aa960a067da91edffd5d93bc46657b5d2a8029612c359f5f2ac0060152a"
url = "https://unofficial-builds.nodejs.org/download/release/v24.15.0/node-v24.15.0-linux-arm64-musl.tar.gz"

[tools.node."platforms.linux-x64"]
checksum = "sha256:44836872d9aec49f1e6b52a9a922872db9a2b02d235a616a5681b6a85fec8d89"
url = "https://nodejs.org/dist/v24.15.0/node-v24.15.0-linux-x64.tar.gz"

[tools.node."platforms.linux-x64-musl"]
checksum = "sha256:f55af5bd489c5347b113ca6594cae00a54b30ba57ac5875324311bfc6f4762e3"
url = "https://unofficial-builds.nodejs.org/download/release/v24.15.0/node-v24.15.0-linux-x64-musl.tar.gz"

[tools.node."platforms.macos-arm64"]
checksum = "sha256:372331b969779ab5d15b949884fc6eaf88d5afe87bde8ba881d6400b9100ffc4"
url = "https://nodejs.org/dist/v24.15.0/node-v24.15.0-darwin-arm64.tar.gz"

[tools.node."platforms.windows-x64"]
checksum = "sha256:cc5149eabd53779ce1e7bdc5401643622d0c7e6800ade18928a767e940bb0e62"
url = "https://nodejs.org/dist/v24.15.0/node-v24.15.0-win-x64.zip"
